
Microsoft Visual Studio Solution File, Format Version 12.00
# Visual Studio Version 17
VisualStudioVersion = 17.12.35514.174 d17.12
MinimumVisualStudioVersion = 10.0.40219.1
Project("{FAE04EC0-301F-11D3-BF4B-00C04F79EFBC}") = "FUNewsManagementSystem", "FUNewsManagementSystem\FUNewsManagementSystem.csproj", "{9A54D9B2-432D-4EB0-B91F-B460305356BB}"
EndProject
Project("{FAE04EC0-301F-11D3-BF4B-00C04F79EFBC}") = "ServiceLayer", "ServiceLayer\ServiceLayer.csproj", "{D5C3C159-26F8-4AD2-A056-CF81344F2F0D}"
EndProject
Project("{FAE04EC0-301F-11D3-BF4B-00C04F79EFBC}") = "RepositoryLayer", "RepositoryLayer\RepositoryLayer.csproj", "{31CB0A30-90FE-4EDF-8566-279ED1960F4F}"
EndProject
Global
	GlobalSection(SolutionConfigurationPlatforms) = preSolution
		Debug|Any CPU = Debug|Any CPU
		Release|Any CPU = Release|Any CPU
	EndGlobalSection
	GlobalSection(ProjectConfigurationPlatforms) = postSolution
		{9A54D9B2-432D-4EB0-B91F-B460305356BB}.Debug|Any CPU.ActiveCfg = Debug|Any CPU
		{9A54D9B2-432D-4EB0-B91F-B460305356BB}.Debug|Any CPU.Build.0 = Debug|Any CPU
		{9A54D9B2-432D-4EB0-B91F-B460305356BB}.Release|Any CPU.ActiveCfg = Release|Any CPU
		{9A54D9B2-432D-4EB0-B91F-B460305356BB}.Release|Any CPU.Build.0 = Release|Any CPU
		{D5C3C159-26F8-4AD2-A056-CF81344F2F0D}.Debug|Any CPU.ActiveCfg = Debug|Any CPU
		{D5C3C159-26F8-4AD2-A056-CF81344F2F0D}.Debug|Any CPU.Build.0 = Debug|Any CPU
		{D5C3C159-26F8-4AD2-A056-CF81344F2F0D}.Release|Any CPU.ActiveCfg = Release|Any CPU
		{D5C3C159-26F8-4AD2-A056-CF81344F2F0D}.Release|Any CPU.Build.0 = Release|Any CPU
		{31CB0A30-90FE-4EDF-8566-279ED1960F4F}.Debug|Any CPU.ActiveCfg = Debug|Any CPU
		{31CB0A30-90FE-4EDF-8566-279ED1960F4F}.Debug|Any CPU.Build.0 = Debug|Any CPU
		{31CB0A30-90FE-4EDF-8566-279ED1960F4F}.Release|Any CPU.ActiveCfg = Release|Any CPU
		{31CB0A30-90FE-4EDF-8566-279ED1960F4F}.Release|Any CPU.Build.0 = Release|Any CPU
	EndGlobalSection
	GlobalSection(SolutionProperties) = preSolution
		HideSolutionNode = FALSE
	EndGlobalSection
EndGlobal
